
Microsoft Visual Studio Solution File, Format Version 12.00
# Visual Studio Version 17
VisualStudioVersion = 17.13.35818.85 d17.13
MinimumVisualStudioVersion = 10.0.40219.1
Project("{FAE04EC0-301F-11D3-BF4B-00C04F79EFBC}") = "L02P02_2022EO650_2022HC650", "L02P02_2022EO650_2022HC650\L02P02_2022EO650_2022HC650.csproj", "{E03F6971-358D-4F9E-94E4-370F5FFFDBFC}"
EndProject
Global
	GlobalSection(SolutionConfigurationPlatforms) = preSolution
		Debug|Any CPU = Debug|Any CPU
		Release|Any CPU = Release|Any CPU
	EndGlobalSection
	GlobalSection(ProjectConfigurationPlatforms) = postSolution
		{E03F6971-358D-4F9E-94E4-370F5FFFDBFC}.Debug|Any CPU.ActiveCfg = Debug|Any CPU
		{E03F6971-358D-4F9E-94E4-370F5FFFDBFC}.Debug|Any CPU.Build.0 = Debug|Any CPU
		{E03F6971-358D-4F9E-94E4-370F5FFFDBFC}.Release|Any CPU.ActiveCfg = Release|Any CPU
		{E03F6971-358D-4F9E-94E4-370F5FFFDBFC}.Release|Any CPU.Build.0 = Release|Any CPU
	EndGlobalSection
	GlobalSection(SolutionProperties) = preSolution
		HideSolutionNode = FALSE
	EndGlobalSection
	GlobalSection(ExtensibilityGlobals) = postSolution
		SolutionGuid = {D6AE8D93-A47C-4039-AF56-19E8EE57E3FB}
	EndGlobalSection
EndGlobal
